<Solution>
  <Folder Name="/docs/">
    <File Path="docs\README.md" />
  </Folder>
  <Folder Name="/samples/">
    <Project Path="samples/Personix.WakeWord.Sample/Personix.WakeWord.Sample.csproj" Type="Classic C#" />
  </Folder>
  <Folder Name="/src/">
    <Project Path="src/Personix.WakeWord/Personix.WakeWord.csproj" Type="Classic C#" />
  </Folder>
  <Folder Name="/tests/">
    <Project Path="tests/Personix.WakeWord.Tests/Personix.WakeWord.Tests.csproj" Type="Classic C#" />
  </Folder>
</Solution>
